// !$*UTF8*$!
{
	archiveVersion = 1;
	classes = {
	};
	objectVersion = 54;
	objects = {

/* Begin PBXBuildFile section */
		00E356F31AD99517003FC87E /* time_is_lifeTests.m in Sources */ = {isa = PBXBuildFile; fileRef = 00E356F21AD99517003FC87E /* time_is_lifeTests.m */; };
		09824489610546F4AC253801 /* Zocial.ttf in Resources */ = {isa = PBXBuildFile; fileRef = E23D546BA1C749CFB25BB622 /* Zocial.ttf */; };
		13B07FBC1A68108700A75B9A /* AppDelegate.m in Sources */ = {isa = PBXBuildFile; fileRef = 13B07FB01A68108700A75B9A /* AppDelegate.m */; };
		13B07FBF1A68108700A75B9A /* Images.xcassets in Resources */ = {isa = PBXBuildFile; fileRef = 13B07FB51A68108700A75B9A /* Images.xcassets */; };
		13B07FC11A68108700A75B9A /* main.m in Sources */ = {isa = PBXBuildFile; fileRef = 13B07FB71A68108700A75B9A /* main.m */; };
		1E302874348B09435FC0CAA1 /* libPods-time_is_life-time_is_lifeTests.a in Frameworks */ = {isa = PBXBuildFile; fileRef = 8009A17F2BDF9CF5077E6F86 /* libPods-time_is_life-time_is_lifeTests.a */; };
		3198A61BC8C58B0D15D2B678 /* libPods-time_is_life.a in Frameworks */ = {isa = PBXBuildFile; fileRef = 15EA24546B210D998C6ADFFF /* libPods-time_is_life.a */; };
		3EAFE1EAB61A4780ADC82490 /* Foundation.ttf in Resources */ = {isa = PBXBuildFile; fileRef = A6433CEE5C0A45D09DAB3B0D /* Foundation.ttf */; };
		47FBBAE6AA314097904C651F /* AntDesign.ttf in Resources */ = {isa = PBXBuildFile; fileRef = 0B95331BCE2E49F1B7348EF8 /* AntDesign.ttf */; };
		5C3CCC03AD6E4D6ABA77D445 /* Ionicons.ttf in Resources */ = {isa = PBXBuildFile; fileRef = 3F1EBA46DEBB4F7B89A730A2 /* Ionicons.ttf */; };
		5D0A6F585B2D4F68BB02F6E7 /* FontAwesome5_Solid.ttf in Resources */ = {isa = PBXBuildFile; fileRef = 15150C7642FC4C6D947BBCBC /* FontAwesome5_Solid.ttf */; };
		5E35542BD26B49E69F1BE11D /* FontAwesome5_Regular.ttf in Resources */ = {isa = PBXBuildFile; fileRef = 402D1D94E4AB40939F6FA583 /* FontAwesome5_Regular.ttf */; };
		670D199D5F8C487CA8412786 /* MaterialCommunityIcons.ttf in Resources */ = {isa = PBXBuildFile; fileRef = 1D94AF99B1F7459CA3DBEBB9 /* MaterialCommunityIcons.ttf */; };
		6A012F6DF91C42B39F17AB28 /* FontAwesome5_Brands.ttf in Resources */ = {isa = PBXBuildFile; fileRef = 3A992D369AB343618ECB9C9F /* FontAwesome5_Brands.ttf */; };
		6FE140472697437AB600CC10 /* EvilIcons.ttf in Resources */ = {isa = PBXBuildFile; fileRef = 36D79EBF65C241F1B97597E5 /* EvilIcons.ttf */; };
		78E635A4F4DD425B8A2A8D8D /* icomoon.ttf in Resources */ = {isa = PBXBuildFile; fileRef = 6B439146BD164268B2ED1E36 /* icomoon.ttf */; };
		81AB9BB82411601600AC10FF /* LaunchScreen.storyboard in Resources */ = {isa = PBXBuildFile; fileRef = 81AB9BB72411601600AC10FF /* LaunchScreen.storyboard */; };
		91899C597D804F0A8D2544E4 /* SimpleLineIcons.ttf in Resources */ = {isa = PBXBuildFile; fileRef = 5CF5BC6CBCDF4DCA8CB3E60E /* SimpleLineIcons.ttf */; };
		A135E1B82C6A4B17A6C1487E /* Feather.ttf in Resources */ = {isa = PBXBuildFile; fileRef = 49445BEA09C4401DBA3B292B /* Feather.ttf */; };
		BE074ADA1FFB44429C6FF3DE /* Octicons.ttf in Resources */ = {isa = PBXBuildFile; fileRef = 1662018F56F943AD9948754C /* Octicons.ttf */; };
		C4B915B13545476983DAA590 /* Fontisto.ttf in Resources */ = {isa = PBXBuildFile; fileRef = 91D0A8328C114DC2A0952489 /* Fontisto.ttf */; };
		C53F512750604FCFA48D8BD3 /* MaterialIcons.ttf in Resources */ = {isa = PBXBuildFile; fileRef = C59AB34CF6DE41D5A148215D /* MaterialIcons.ttf */; };
		E4D68C44424C4274A7339E4C /* Entypo.ttf in Resources */ = {isa = PBXBuildFile; fileRef = 2B807F1EFB9F453CAF9B133B /* Entypo.ttf */; };
		EEB893ABAF33432DB7382F34 /* FontAwesome.ttf in Resources */ = {isa = PBXBuildFile; fileRef = BF14859ECC2F4F2A93E51AA5 /* FontAwesome.ttf */; };
		E7E49C5B7939426DABEC13E5 /* calendar.svg in Resources */ = {isa = PBXBuildFile; fileRef = B9932815E4B348D78205C80A /* calendar.svg */; };
		228F46F05FD94176A701451F /* chart.svg in Resources */ = {isa = PBXBuildFile; fileRef = 036527CBECE24B85AC80D923 /* chart.svg */; };
		D50E7D32B56140E491BB28D7 /* checkmark.svg in Resources */ = {isa = PBXBuildFile; fileRef = CE4C0F459963420EBE74CFAD /* checkmark.svg */; };
		E3988768B67F4EF9B12DECC3 /* clock.svg in Resources */ = {isa = PBXBuildFile; fileRef = 156B99918F5C4EFC83C9FB09 /* clock.svg */; };
		69CB788D7AF44674A9B4024D /* edit.svg in Resources */ = {isa = PBXBuildFile; fileRef = 012AF7E1336B4CF5A6D8A6E0 /* edit.svg */; };
		9EA9A9D8FB22493D9DA3A04D /* goals.svg in Resources */ = {isa = PBXBuildFile; fileRef = 74A6C7D035744E5180853472 /* goals.svg */; };
		6B514883A3CA4BA2834CF68A /* home.svg in Resources */ = {isa = PBXBuildFile; fileRef = 867E35507D914839A77D2245 /* home.svg */; };
		66586FBFBB604782863996EB /* important.svg in Resources */ = {isa = PBXBuildFile; fileRef = FBE3B27024124CAB8BCF04DA /* important.svg */; };
		1F66CE5B66294E6A9ACFBFBA /* left_arrow.svg in Resources */ = {isa = PBXBuildFile; fileRef = AC3525702336473590F50DF5 /* left_arrow.svg */; };
		7F2703E35B7A48D7ACDA651E /* play_button.svg in Resources */ = {isa = PBXBuildFile; fileRef = 5748CEA20C3644E0891BE7E0 /* play_button.svg */; };
		5730BCE13282472CB1F62931 /* plus.svg in Resources */ = {isa = PBXBuildFile; fileRef = 0F57B3DDEA06486491C684C8 /* plus.svg */; };
		CF88B552157E41B09121BBB9 /* right_arrow.svg in Resources */ = {isa = PBXBuildFile; fileRef = 5DFFF277D515442DBE291279 /* right_arrow.svg */; };
		2712F68CF1AA472798B6EF67 /* settings.svg in Resources */ = {isa = PBXBuildFile; fileRef = 4456FC03922F4998B1CEE7A8 /* settings.svg */; };
		0E17D87A124F4B93958E11D5 /* up_arrow.svg in Resources */ = {isa = PBXBuildFile; fileRef = 35878EC2C5C24AC28CA60592 /* up_arrow.svg */; };
		4334816102084DCE876D766D /* cancel.svg in Resources */ = {isa = PBXBuildFile; fileRef = 40EF3BD14B914D21A9ADA5E3 /* cancel.svg */; };
		2304FC6F1AF54D8387926761 /* trash.svg in Resources */ = {isa = PBXBuildFile; fileRef = D7CE3EA37ED245B68C310F48 /* trash.svg */; };
		1A9A057A6875443BA7DE07A7 /* repeat.svg in Resources */ = {isa = PBXBuildFile; fileRef = ACE824E2BD264539B78ADD0D /* repeat.svg */; };
/* End PBXBuildFile section */

/* Begin PBXContainerItemProxy section */
		00E356F41AD99517003FC87E /* PBXContainerItemProxy */ = {
			isa = PBXContainerItemProxy;
			containerPortal = 83CBB9F71A601CBA00E9B192 /* Project object */;
			proxyType = 1;
			remoteGlobalIDString = 13B07F861A680F5B00A75B9A;
			remoteInfo = time_is_life;
		};
/* End PBXContainerItemProxy section */

/* Begin PBXFileReference section */
		00E356EE1AD99517003FC87E /* time_is_lifeTests.xctest */ = {isa = PBXFileReference; explicitFileType = wrapper.cfbundle; includeInIndex = 0; path = time_is_lifeTests.xctest; sourceTree = BUILT_PRODUCTS_DIR; };
		00E356F11AD99517003FC87E /* Info.plist */ = {isa = PBXFileReference; lastKnownFileType = text.plist.xml; path = Info.plist; sourceTree = "<group>"; };
		00E356F21AD99517003FC87E /* time_is_lifeTests.m */ = {isa = PBXFileReference; lastKnownFileType = sourcecode.c.objc; path = time_is_lifeTests.m; sourceTree = "<group>"; };
		0116177444C633D2D39217BB /* Pods-time_is_life-time_is_lifeTests.debug.xcconfig */ = {isa = PBXFileReference; includeInIndex = 1; lastKnownFileType = text.xcconfig; name = "Pods-time_is_life-time_is_lifeTests.debug.xcconfig"; path = "Target Support Files/Pods-time_is_life-time_is_lifeTests/Pods-time_is_life-time_is_lifeTests.debug.xcconfig"; sourceTree = "<group>"; };
		0B95331BCE2E49F1B7348EF8 /* AntDesign.ttf */ = {isa = PBXFileReference; explicitFileType = undefined; fileEncoding = undefined; includeInIndex = 0; lastKnownFileType = unknown; name = AntDesign.ttf; path = "../node_modules/react-native-vector-icons/Fonts/AntDesign.ttf"; sourceTree = "<group>"; };
		13B07F961A680F5B00A75B9A /* time_is_life.app */ = {isa = PBXFileReference; explicitFileType = wrapper.application; includeInIndex = 0; path = time_is_life.app; sourceTree = BUILT_PRODUCTS_DIR; };
		13B07FAF1A68108700A75B9A /* AppDelegate.h */ = {isa = PBXFileReference; fileEncoding = 4; lastKnownFileType = sourcecode.c.h; name = AppDelegate.h; path = time_is_life/AppDelegate.h; sourceTree = "<group>"; };
		13B07FB01A68108700A75B9A /* AppDelegate.m */ = {isa = PBXFileReference; fileEncoding = 4; lastKnownFileType = sourcecode.c.objc; name = AppDelegate.m; path = time_is_life/AppDelegate.m; sourceTree = "<group>"; };
		13B07FB51A68108700A75B9A /* Images.xcassets */ = {isa = PBXFileReference; lastKnownFileType = folder.assetcatalog; name = Images.xcassets; path = time_is_life/Images.xcassets; sourceTree = "<group>"; };
		13B07FB61A68108700A75B9A /* Info.plist */ = {isa = PBXFileReference; fileEncoding = 4; lastKnownFileType = text.plist.xml; name = Info.plist; path = time_is_life/Info.plist; sourceTree = "<group>"; };
		13B07FB71A68108700A75B9A /* main.m */ = {isa = PBXFileReference; fileEncoding = 4; lastKnownFileType = sourcecode.c.objc; name = main.m; path = time_is_life/main.m; sourceTree = "<group>"; };
		15150C7642FC4C6D947BBCBC /* FontAwesome5_Solid.ttf */ = {isa = PBXFileReference; explicitFileType = undefined; fileEncoding = undefined; includeInIndex = 0; lastKnownFileType = unknown; name = FontAwesome5_Solid.ttf; path = "../node_modules/react-native-vector-icons/Fonts/FontAwesome5_Solid.ttf"; sourceTree = "<group>"; };
		15EA24546B210D998C6ADFFF /* libPods-time_is_life.a */ = {isa = PBXFileReference; explicitFileType = archive.ar; includeInIndex = 0; path = "libPods-time_is_life.a"; sourceTree = BUILT_PRODUCTS_DIR; };
		1662018F56F943AD9948754C /* Octicons.ttf */ = {isa = PBXFileReference; explicitFileType = undefined; fileEncoding = undefined; includeInIndex = 0; lastKnownFileType = unknown; name = Octicons.ttf; path = "../node_modules/react-native-vector-icons/Fonts/Octicons.ttf"; sourceTree = "<group>"; };
		1D94AF99B1F7459CA3DBEBB9 /* MaterialCommunityIcons.ttf */ = {isa = PBXFileReference; explicitFileType = undefined; fileEncoding = undefined; includeInIndex = 0; lastKnownFileType = unknown; name = MaterialCommunityIcons.ttf; path = "../node_modules/react-native-vector-icons/Fonts/MaterialCommunityIcons.ttf"; sourceTree = "<group>"; };
		2B807F1EFB9F453CAF9B133B /* Entypo.ttf */ = {isa = PBXFileReference; explicitFileType = undefined; fileEncoding = undefined; includeInIndex = 0; lastKnownFileType = unknown; name = Entypo.ttf; path = "../node_modules/react-native-vector-icons/Fonts/Entypo.ttf"; sourceTree = "<group>"; };
		36D79EBF65C241F1B97597E5 /* EvilIcons.ttf */ = {isa = PBXFileReference; explicitFileType = undefined; fileEncoding = undefined; includeInIndex = 0; lastKnownFileType = unknown; name = EvilIcons.ttf; path = "../node_modules/react-native-vector-icons/Fonts/EvilIcons.ttf"; sourceTree = "<group>"; };
		3A992D369AB343618ECB9C9F /* FontAwesome5_Brands.ttf */ = {isa = PBXFileReference; explicitFileType = undefined; fileEncoding = undefined; includeInIndex = 0; lastKnownFileType = unknown; name = FontAwesome5_Brands.ttf; path = "../node_modules/react-native-vector-icons/Fonts/FontAwesome5_Brands.ttf"; sourceTree = "<group>"; };
		3F1EBA46DEBB4F7B89A730A2 /* Ionicons.ttf */ = {isa = PBXFileReference; explicitFileType = undefined; fileEncoding = undefined; includeInIndex = 0; lastKnownFileType = unknown; name = Ionicons.ttf; path = "../node_modules/react-native-vector-icons/Fonts/Ionicons.ttf"; sourceTree = "<group>"; };
		402D1D94E4AB40939F6FA583 /* FontAwesome5_Regular.ttf */ = {isa = PBXFileReference; explicitFileType = undefined; fileEncoding = undefined; includeInIndex = 0; lastKnownFileType = unknown; name = FontAwesome5_Regular.ttf; path = "../node_modules/react-native-vector-icons/Fonts/FontAwesome5_Regular.ttf"; sourceTree = "<group>"; };
		49445BEA09C4401DBA3B292B /* Feather.ttf */ = {isa = PBXFileReference; explicitFileType = undefined; fileEncoding = undefined; includeInIndex = 0; lastKnownFileType = unknown; name = Feather.ttf; path = "../node_modules/react-native-vector-icons/Fonts/Feather.ttf"; sourceTree = "<group>"; };
		5CF5BC6CBCDF4DCA8CB3E60E /* SimpleLineIcons.ttf */ = {isa = PBXFileReference; explicitFileType = undefined; fileEncoding = undefined; includeInIndex = 0; lastKnownFileType = unknown; name = SimpleLineIcons.ttf; path = "../node_modules/react-native-vector-icons/Fonts/SimpleLineIcons.ttf"; sourceTree = "<group>"; };
		63D431863A03276653881CDD /* Pods-time_is_life-time_is_lifeTests.release.xcconfig */ = {isa = PBXFileReference; includeInIndex = 1; lastKnownFileType = text.xcconfig; name = "Pods-time_is_life-time_is_lifeTests.release.xcconfig"; path = "Target Support Files/Pods-time_is_life-time_is_lifeTests/Pods-time_is_life-time_is_lifeTests.release.xcconfig"; sourceTree = "<group>"; };
		6B439146BD164268B2ED1E36 /* icomoon.ttf */ = {isa = PBXFileReference; explicitFileType = undefined; fileEncoding = undefined; includeInIndex = 0; lastKnownFileType = unknown; name = icomoon.ttf; path = ../src/resources/fonts/icomoon.ttf; sourceTree = "<group>"; };
		723584148B4B18289783D795 /* Pods-time_is_life.debug.xcconfig */ = {isa = PBXFileReference; includeInIndex = 1; lastKnownFileType = text.xcconfig; name = "Pods-time_is_life.debug.xcconfig"; path = "Target Support Files/Pods-time_is_life/Pods-time_is_life.debug.xcconfig"; sourceTree = "<group>"; };
		8009A17F2BDF9CF5077E6F86 /* libPods-time_is_life-time_is_lifeTests.a */ = {isa = PBXFileReference; explicitFileType = archive.ar; includeInIndex = 0; path = "libPods-time_is_life-time_is_lifeTests.a"; sourceTree = BUILT_PRODUCTS_DIR; };
		81AB9BB72411601600AC10FF /* LaunchScreen.storyboard */ = {isa = PBXFileReference; fileEncoding = 4; lastKnownFileType = file.storyboard; name = LaunchScreen.storyboard; path = time_is_life/LaunchScreen.storyboard; sourceTree = "<group>"; };
		91D0A8328C114DC2A0952489 /* Fontisto.ttf */ = {isa = PBXFileReference; explicitFileType = undefined; fileEncoding = undefined; includeInIndex = 0; lastKnownFileType = unknown; name = Fontisto.ttf; path = "../node_modules/react-native-vector-icons/Fonts/Fontisto.ttf"; sourceTree = "<group>"; };
		A6433CEE5C0A45D09DAB3B0D /* Foundation.ttf */ = {isa = PBXFileReference; explicitFileType = undefined; fileEncoding = undefined; includeInIndex = 0; lastKnownFileType = unknown; name = Foundation.ttf; path = "../node_modules/react-native-vector-icons/Fonts/Foundation.ttf"; sourceTree = "<group>"; };
		BF14859ECC2F4F2A93E51AA5 /* FontAwesome.ttf */ = {isa = PBXFileReference; explicitFileType = undefined; fileEncoding = undefined; includeInIndex = 0; lastKnownFileType = unknown; name = FontAwesome.ttf; path = "../node_modules/react-native-vector-icons/Fonts/FontAwesome.ttf"; sourceTree = "<group>"; };
		C59AB34CF6DE41D5A148215D /* MaterialIcons.ttf */ = {isa = PBXFileReference; explicitFileType = undefined; fileEncoding = undefined; includeInIndex = 0; lastKnownFileType = unknown; name = MaterialIcons.ttf; path = "../node_modules/react-native-vector-icons/Fonts/MaterialIcons.ttf"; sourceTree = "<group>"; };
		DC531E4CF43CDF2661F7A365 /* Pods-time_is_life.release.xcconfig */ = {isa = PBXFileReference; includeInIndex = 1; lastKnownFileType = text.xcconfig; name = "Pods-time_is_life.release.xcconfig"; path = "Target Support Files/Pods-time_is_life/Pods-time_is_life.release.xcconfig"; sourceTree = "<group>"; };
		E23D546BA1C749CFB25BB622 /* Zocial.ttf */ = {isa = PBXFileReference; explicitFileType = undefined; fileEncoding = undefined; includeInIndex = 0; lastKnownFileType = unknown; name = Zocial.ttf; path = "../node_modules/react-native-vector-icons/Fonts/Zocial.ttf"; sourceTree = "<group>"; };
		ED297162215061F000B7C4FE /* JavaScriptCore.framework */ = {isa = PBXFileReference; lastKnownFileType = wrapper.framework; name = JavaScriptCore.framework; path = System/Library/Frameworks/JavaScriptCore.framework; sourceTree = SDKROOT; };
		B9932815E4B348D78205C80A /* calendar.svg */ = {isa = PBXFileReference; name = "calendar.svg"; path = "../src/resources/fonts/svg icons/calendar.svg"; sourceTree = "<group>"; fileEncoding = undefined; lastKnownFileType = unknown; explicitFileType = undefined; includeInIndex = 0; };
		036527CBECE24B85AC80D923 /* chart.svg */ = {isa = PBXFileReference; name = "chart.svg"; path = "../src/resources/fonts/svg icons/chart.svg"; sourceTree = "<group>"; fileEncoding = undefined; lastKnownFileType = unknown; explicitFileType = undefined; includeInIndex = 0; };
		CE4C0F459963420EBE74CFAD /* checkmark.svg */ = {isa = PBXFileReference; name = "checkmark.svg"; path = "../src/resources/fonts/svg icons/checkmark.svg"; sourceTree = "<group>"; fileEncoding = undefined; lastKnownFileType = unknown; explicitFileType = undefined; includeInIndex = 0; };
		156B99918F5C4EFC83C9FB09 /* clock.svg */ = {isa = PBXFileReference; name = "clock.svg"; path = "../src/resources/fonts/svg icons/clock.svg"; sourceTree = "<group>"; fileEncoding = undefined; lastKnownFileType = unknown; explicitFileType = undefined; includeInIndex = 0; };
		012AF7E1336B4CF5A6D8A6E0 /* edit.svg */ = {isa = PBXFileReference; name = "edit.svg"; path = "../src/resources/fonts/svg icons/edit.svg"; sourceTree = "<group>"; fileEncoding = undefined; lastKnownFileType = unknown; explicitFileType = undefined; includeInIndex = 0; };
		74A6C7D035744E5180853472 /* goals.svg */ = {isa = PBXFileReference; name = "goals.svg"; path = "../src/resources/fonts/svg icons/goals.svg"; sourceTree = "<group>"; fileEncoding = undefined; lastKnownFileType = unknown; explicitFileType = undefined; includeInIndex = 0; };
		867E35507D914839A77D2245 /* home.svg */ = {isa = PBXFileReference; name = "home.svg"; path = "../src/resources/fonts/svg icons/home.svg"; sourceTree = "<group>"; fileEncoding = undefined; lastKnownFileType = unknown; explicitFileType = undefined; includeInIndex = 0; };
		FBE3B27024124CAB8BCF04DA /* important.svg */ = {isa = PBXFileReference; name = "important.svg"; path = "../src/resources/fonts/svg icons/important.svg"; sourceTree = "<group>"; fileEncoding = undefined; lastKnownFileType = unknown; explicitFileType = undefined; includeInIndex = 0; };
		AC3525702336473590F50DF5 /* left_arrow.svg */ = {isa = PBXFileReference; name = "left_arrow.svg"; path = "../src/resources/fonts/svg icons/left_arrow.svg"; sourceTree = "<group>"; fileEncoding = undefined; lastKnownFileType = unknown; explicitFileType = undefined; includeInIndex = 0; };
		5748CEA20C3644E0891BE7E0 /* play_button.svg */ = {isa = PBXFileReference; name = "play_button.svg"; path = "../src/resources/fonts/svg icons/play_button.svg"; sourceTree = "<group>"; fileEncoding = undefined; lastKnownFileType = unknown; explicitFileType = undefined; includeInIndex = 0; };
		0F57B3DDEA06486491C684C8 /* plus.svg */ = {isa = PBXFileReference; name = "plus.svg"; path = "../src/resources/fonts/svg icons/plus.svg"; sourceTree = "<group>"; fileEncoding = undefined; lastKnownFileType = unknown; explicitFileType = undefined; includeInIndex = 0; };
		5DFFF277D515442DBE291279 /* right_arrow.svg */ = {isa = PBXFileReference; name = "right_arrow.svg"; path = "../src/resources/fonts/svg icons/right_arrow.svg"; sourceTree = "<group>"; fileEncoding = undefined; lastKnownFileType = unknown; explicitFileType = undefined; includeInIndex = 0; };
		4456FC03922F4998B1CEE7A8 /* settings.svg */ = {isa = PBXFileReference; name = "settings.svg"; path = "../src/resources/fonts/svg icons/settings.svg"; sourceTree = "<group>"; fileEncoding = undefined; lastKnownFileType = unknown; explicitFileType = undefined; includeInIndex = 0; };
		35878EC2C5C24AC28CA60592 /* up_arrow.svg */ = {isa = PBXFileReference; name = "up_arrow.svg"; path = "../src/resources/fonts/svg icons/up_arrow.svg"; sourceTree = "<group>"; fileEncoding = undefined; lastKnownFileType = unknown; explicitFileType = undefined; includeInIndex = 0; };
		40EF3BD14B914D21A9ADA5E3 /* cancel.svg */ = {isa = PBXFileReference; name = "cancel.svg"; path = "../src/resources/fonts/svg icons/cancel.svg"; sourceTree = "<group>"; fileEncoding = undefined; lastKnownFileType = unknown; explicitFileType = undefined; includeInIndex = 0; };
		D7CE3EA37ED245B68C310F48 /* trash.svg */ = {isa = PBXFileReference; name = "trash.svg"; path = "../src/resources/fonts/svg icons/trash.svg"; sourceTree = "<group>"; fileEncoding = undefined; lastKnownFileType = unknown; explicitFileType = undefined; includeInIndex = 0; };
		ACE824E2BD264539B78ADD0D /* repeat.svg */ = {isa = PBXFileReference; name = "repeat.svg"; path = "../src/resources/fonts/svg icons/repeat.svg"; sourceTree = "<group>"; fileEncoding = undefined; lastKnownFileType = unknown; explicitFileType = undefined; includeInIndex = 0; };
/* End PBXFileReference section */

/* Begin PBXFrameworksBuildPhase section */
		00E356EB1AD99517003FC87E /* Frameworks */ = {
			isa = PBXFrameworksBuildPhase;
			buildActionMask = 2147483647;
			files = (
				1E302874348B09435FC0CAA1 /* libPods-time_is_life-time_is_lifeTests.a in Frameworks */,
			);
			runOnlyForDeploymentPostprocessing = 0;
		};
		13B07F8C1A680F5B00A75B9A /* Frameworks */ = {
			isa = PBXFrameworksBuildPhase;
			buildActionMask = 2147483647;
			files = (
				3198A61BC8C58B0D15D2B678 /* libPods-time_is_life.a in Frameworks */,
			);
			runOnlyForDeploymentPostprocessing = 0;
		};
/* End PBXFrameworksBuildPhase section */

/* Begin PBXGroup section */
		00E356EF1AD99517003FC87E /* time_is_lifeTests */ = {
			isa = PBXGroup;
			children = (
				00E356F21AD99517003FC87E /* time_is_lifeTests.m */,
				00E356F01AD99517003FC87E /* Supporting Files */,
			);
			path = time_is_lifeTests;
			sourceTree = "<group>";
		};
		00E356F01AD99517003FC87E /* Supporting Files */ = {
			isa = PBXGroup;
			children = (
				00E356F11AD99517003FC87E /* Info.plist */,
			);
			name = "Supporting Files";
			sourceTree = "<group>";
		};
		13B07FAE1A68108700A75B9A /* time_is_life */ = {
			isa = PBXGroup;
			children = (
				13B07FAF1A68108700A75B9A /* AppDelegate.h */,
				13B07FB01A68108700A75B9A /* AppDelegate.m */,
				13B07FB51A68108700A75B9A /* Images.xcassets */,
				13B07FB61A68108700A75B9A /* Info.plist */,
				81AB9BB72411601600AC10FF /* LaunchScreen.storyboard */,
				13B07FB71A68108700A75B9A /* main.m */,
			);
			name = time_is_life;
			sourceTree = "<group>";
		};
		2D16E6871FA4F8E400B85C8A /* Frameworks */ = {
			isa = PBXGroup;
			children = (
				ED297162215061F000B7C4FE /* JavaScriptCore.framework */,
				15EA24546B210D998C6ADFFF /* libPods-time_is_life.a */,
				8009A17F2BDF9CF5077E6F86 /* libPods-time_is_life-time_is_lifeTests.a */,
			);
			name = Frameworks;
			sourceTree = "<group>";
		};
		3F94CE6E003C41F8A171C3AE /* Resources */ = {
			isa = PBXGroup;
			children = (
				6B439146BD164268B2ED1E36 /* icomoon.ttf */,
				0B95331BCE2E49F1B7348EF8 /* AntDesign.ttf */,
				2B807F1EFB9F453CAF9B133B /* Entypo.ttf */,
				36D79EBF65C241F1B97597E5 /* EvilIcons.ttf */,
				49445BEA09C4401DBA3B292B /* Feather.ttf */,
				BF14859ECC2F4F2A93E51AA5 /* FontAwesome.ttf */,
				3A992D369AB343618ECB9C9F /* FontAwesome5_Brands.ttf */,
				402D1D94E4AB40939F6FA583 /* FontAwesome5_Regular.ttf */,
				15150C7642FC4C6D947BBCBC /* FontAwesome5_Solid.ttf */,
				91D0A8328C114DC2A0952489 /* Fontisto.ttf */,
				A6433CEE5C0A45D09DAB3B0D /* Foundation.ttf */,
				3F1EBA46DEBB4F7B89A730A2 /* Ionicons.ttf */,
				1D94AF99B1F7459CA3DBEBB9 /* MaterialCommunityIcons.ttf */,
				C59AB34CF6DE41D5A148215D /* MaterialIcons.ttf */,
				1662018F56F943AD9948754C /* Octicons.ttf */,
				5CF5BC6CBCDF4DCA8CB3E60E /* SimpleLineIcons.ttf */,
				E23D546BA1C749CFB25BB622 /* Zocial.ttf */,
				B9932815E4B348D78205C80A /* calendar.svg */,
				036527CBECE24B85AC80D923 /* chart.svg */,
				CE4C0F459963420EBE74CFAD /* checkmark.svg */,
				156B99918F5C4EFC83C9FB09 /* clock.svg */,
				012AF7E1336B4CF5A6D8A6E0 /* edit.svg */,
				74A6C7D035744E5180853472 /* goals.svg */,
				867E35507D914839A77D2245 /* home.svg */,
				FBE3B27024124CAB8BCF04DA /* important.svg */,
				AC3525702336473590F50DF5 /* left_arrow.svg */,
				5748CEA20C3644E0891BE7E0 /* play_button.svg */,
				0F57B3DDEA06486491C684C8 /* plus.svg */,
				5DFFF277D515442DBE291279 /* right_arrow.svg */,
				4456FC03922F4998B1CEE7A8 /* settings.svg */,
				35878EC2C5C24AC28CA60592 /* up_arrow.svg */,
				40EF3BD14B914D21A9ADA5E3 /* cancel.svg */,
				D7CE3EA37ED245B68C310F48 /* trash.svg */,
				ACE824E2BD264539B78ADD0D /* repeat.svg */,
			);
			name = Resources;
			path = "";
			sourceTree = "<group>";
		};
		799750D9AED204D9D9BA195C /* Pods */ = {
			isa = PBXGroup;
			children = (
				723584148B4B18289783D795 /* Pods-time_is_life.debug.xcconfig */,
				DC531E4CF43CDF2661F7A365 /* Pods-time_is_life.release.xcconfig */,
				0116177444C633D2D39217BB /* Pods-time_is_life-time_is_lifeTests.debug.xcconfig */,
				63D431863A03276653881CDD /* Pods-time_is_life-time_is_lifeTests.release.xcconfig */,
			);
			name = Pods;
			path = Pods;
			sourceTree = "<group>";
		};
		832341AE1AAA6A7D00B99B32 /* Libraries */ = {
			isa = PBXGroup;
			children = (
			);
			name = Libraries;
			sourceTree = "<group>";
		};
		83CBB9F61A601CBA00E9B192 = {
			isa = PBXGroup;
			children = (
				13B07FAE1A68108700A75B9A /* time_is_life */,
				832341AE1AAA6A7D00B99B32 /* Libraries */,
				00E356EF1AD99517003FC87E /* time_is_lifeTests */,
				83CBBA001A601CBA00E9B192 /* Products */,
				2D16E6871FA4F8E400B85C8A /* Frameworks */,
				3F94CE6E003C41F8A171C3AE /* Resources */,
				799750D9AED204D9D9BA195C /* Pods */,
			);
			indentWidth = 2;
			sourceTree = "<group>";
			tabWidth = 2;
			usesTabs = 0;
		};
		83CBBA001A601CBA00E9B192 /* Products */ = {
			isa = PBXGroup;
			children = (
				13B07F961A680F5B00A75B9A /* time_is_life.app */,
				00E356EE1AD99517003FC87E /* time_is_lifeTests.xctest */,
			);
			name = Products;
			sourceTree = "<group>";
		};
/* End PBXGroup section */

/* Begin PBXNativeTarget section */
		00E356ED1AD99517003FC87E /* time_is_lifeTests */ = {
			isa = PBXNativeTarget;
			buildConfigurationList = 00E357021AD99517003FC87E /* Build configuration list for PBXNativeTarget "time_is_lifeTests" */;
			buildPhases = (
				83DAAF5F40D7AFB31A2C4A88 /* [CP] Check Pods Manifest.lock */,
				00E356EA1AD99517003FC87E /* Sources */,
				00E356EB1AD99517003FC87E /* Frameworks */,
				00E356EC1AD99517003FC87E /* Resources */,
				CCEA2F7F0D0F8ADEDACE0E70 /* [CP] Embed Pods Frameworks */,
				94F16EE8047C168C09E21EBD /* [CP] Copy Pods Resources */,
			);
			buildRules = (
			);
			dependencies = (
				00E356F51AD99517003FC87E /* PBXTargetDependency */,
			);
			name = time_is_lifeTests;
			productName = time_is_lifeTests;
			productReference = 00E356EE1AD99517003FC87E /* time_is_lifeTests.xctest */;
			productType = "com.apple.product-type.bundle.unit-test";
		};
		13B07F861A680F5B00A75B9A /* time_is_life */ = {
			isa = PBXNativeTarget;
			buildConfigurationList = 13B07F931A680F5B00A75B9A /* Build configuration list for PBXNativeTarget "time_is_life" */;
			buildPhases = (
				17C9BA8C7EF0CA9AF4C1F6C8 /* [CP] Check Pods Manifest.lock */,
				FD10A7F022414F080027D42C /* Start Packager */,
				13B07F871A680F5B00A75B9A /* Sources */,
				13B07F8C1A680F5B00A75B9A /* Frameworks */,
				13B07F8E1A680F5B00A75B9A /* Resources */,
				00DD1BFF1BD5951E006B06BC /* Bundle React Native code and images */,
				CCA846E87042D31AE1054792 /* [CP] Embed Pods Frameworks */,
				71C17E92CA9B68D0C22D53DB /* [CP] Copy Pods Resources */,
			);
			buildRules = (
			);
			dependencies = (
			);
			name = time_is_life;
			productName = time_is_life;
			productReference = 13B07F961A680F5B00A75B9A /* time_is_life.app */;
			productType = "com.apple.product-type.application";
		};
/* End PBXNativeTarget section */

/* Begin PBXProject section */
		83CBB9F71A601CBA00E9B192 /* Project object */ = {
			isa = PBXProject;
			attributes = {
				LastUpgradeCheck = 1210;
				TargetAttributes = {
					00E356ED1AD99517003FC87E = {
						CreatedOnToolsVersion = 6.2;
						TestTargetID = 13B07F861A680F5B00A75B9A;
					};
					13B07F861A680F5B00A75B9A = {
						LastSwiftMigration = 1120;
					};
				};
			};
			buildConfigurationList = 83CBB9FA1A601CBA00E9B192 /* Build configuration list for PBXProject "time_is_life" */;
			compatibilityVersion = "Xcode 12.0";
			developmentRegion = en;
			hasScannedForEncodings = 0;
			knownRegions = (
				en,
				Base,
			);
			mainGroup = 83CBB9F61A601CBA00E9B192;
			productRefGroup = 83CBBA001A601CBA00E9B192 /* Products */;
			projectDirPath = "";
			projectRoot = "";
			targets = (
				13B07F861A680F5B00A75B9A /* time_is_life */,
				00E356ED1AD99517003FC87E /* time_is_lifeTests */,
			);
		};
/* End PBXProject section */

/* Begin PBXResourcesBuildPhase section */
		00E356EC1AD99517003FC87E /* Resources */ = {
			isa = PBXResourcesBuildPhase;
			buildActionMask = 2147483647;
			files = (
			);
			runOnlyForDeploymentPostprocessing = 0;
		};
		13B07F8E1A680F5B00A75B9A /* Resources */ = {
			isa = PBXResourcesBuildPhase;
			buildActionMask = 2147483647;
			files = (
				81AB9BB82411601600AC10FF /* LaunchScreen.storyboard in Resources */,
				13B07FBF1A68108700A75B9A /* Images.xcassets in Resources */,
				78E635A4F4DD425B8A2A8D8D /* icomoon.ttf in Resources */,
				47FBBAE6AA314097904C651F /* AntDesign.ttf in Resources */,
				E4D68C44424C4274A7339E4C /* Entypo.ttf in Resources */,
				6FE140472697437AB600CC10 /* EvilIcons.ttf in Resources */,
				A135E1B82C6A4B17A6C1487E /* Feather.ttf in Resources */,
				EEB893ABAF33432DB7382F34 /* FontAwesome.ttf in Resources */,
				6A012F6DF91C42B39F17AB28 /* FontAwesome5_Brands.ttf in Resources */,
				5E35542BD26B49E69F1BE11D /* FontAwesome5_Regular.ttf in Resources */,
				5D0A6F585B2D4F68BB02F6E7 /* FontAwesome5_Solid.ttf in Resources */,
				C4B915B13545476983DAA590 /* Fontisto.ttf in Resources */,
				3EAFE1EAB61A4780ADC82490 /* Foundation.ttf in Resources */,
				5C3CCC03AD6E4D6ABA77D445 /* Ionicons.ttf in Resources */,
				670D199D5F8C487CA8412786 /* MaterialCommunityIcons.ttf in Resources */,
				C53F512750604FCFA48D8BD3 /* MaterialIcons.ttf in Resources */,
				BE074ADA1FFB44429C6FF3DE /* Octicons.ttf in Resources */,
				91899C597D804F0A8D2544E4 /* SimpleLineIcons.ttf in Resources */,
				09824489610546F4AC253801 /* Zocial.ttf in Resources */,
				E7E49C5B7939426DABEC13E5 /* calendar.svg in Resources */,
				228F46F05FD94176A701451F /* chart.svg in Resources */,
				D50E7D32B56140E491BB28D7 /* checkmark.svg in Resources */,
				E3988768B67F4EF9B12DECC3 /* clock.svg in Resources */,
				69CB788D7AF44674A9B4024D /* edit.svg in Resources */,
				9EA9A9D8FB22493D9DA3A04D /* goals.svg in Resources */,
				6B514883A3CA4BA2834CF68A /* home.svg in Resources */,
				66586FBFBB604782863996EB /* important.svg in Resources */,
				1F66CE5B66294E6A9ACFBFBA /* left_arrow.svg in Resources */,
				7F2703E35B7A48D7ACDA651E /* play_button.svg in Resources */,
				5730BCE13282472CB1F62931 /* plus.svg in Resources */,
				CF88B552157E41B09121BBB9 /* right_arrow.svg in Resources */,
				2712F68CF1AA472798B6EF67 /* settings.svg in Resources */,
				0E17D87A124F4B93958E11D5 /* up_arrow.svg in Resources */,
				4334816102084DCE876D766D /* cancel.svg in Resources */,
				2304FC6F1AF54D8387926761 /* trash.svg in Resources */,
				1A9A057A6875443BA7DE07A7 /* repeat.svg in Resources */,
			);
			runOnlyForDeploymentPostprocessing = 0;
		};
/* End PBXResourcesBuildPhase section */

/* Begin PBXShellScriptBuildPhase section */
		00DD1BFF1BD5951E006B06BC /* Bundle React Native code and images */ = {
			isa = PBXShellScriptBuildPhase;
			buildActionMask = 2147483647;
			files = (
			);
			inputPaths = (
			);
			name = "Bundle React Native code and images";
			outputPaths = (
			);
			runOnlyForDeploymentPostprocessing = 0;
			shellPath = /bin/sh;
			shellScript = "set -e\n\nexport NODE_BINARY=node\n../node_modules/react-native/scripts/react-native-xcode.sh\n";
		};
		17C9BA8C7EF0CA9AF4C1F6C8 /* [CP] Check Pods Manifest.lock */ = {
			isa = PBXShellScriptBuildPhase;
			buildActionMask = 2147483647;
			files = (
			);
			inputFileListPaths = (
			);
			inputPaths = (
				"${PODS_PODFILE_DIR_PATH}/Podfile.lock",
				"${PODS_ROOT}/Manifest.lock",
			);
			name = "[CP] Check Pods Manifest.lock";
			outputFileListPaths = (
			);
			outputPaths = (
				"$(DERIVED_FILE_DIR)/Pods-time_is_life-checkManifestLockResult.txt",
			);
			runOnlyForDeploymentPostprocessing = 0;
			shellPath = /bin/sh;
			shellScript = "diff \"${PODS_PODFILE_DIR_PATH}/Podfile.lock\" \"${PODS_ROOT}/Manifest.lock\" > /dev/null\nif [ $? != 0 ] ; then\n    # print error to STDERR\n    echo \"error: The sandbox is not in sync with the Podfile.lock. Run 'pod install' or update your CocoaPods installation.\" >&2\n    exit 1\nfi\n# This output is used by Xcode 'outputs' to avoid re-running this script phase.\necho \"SUCCESS\" > \"${SCRIPT_OUTPUT_FILE_0}\"\n";
			showEnvVarsInLog = 0;
		};
		71C17E92CA9B68D0C22D53DB /* [CP] Copy Pods Resources */ = {
			isa = PBXShellScriptBuildPhase;
			buildActionMask = 2147483647;
			files = (
			);
			inputFileListPaths = (
				"${PODS_ROOT}/Target Support Files/Pods-time_is_life/Pods-time_is_life-resources-${CONFIGURATION}-input-files.xcfilelist",
			);
			name = "[CP] Copy Pods Resources";
			outputFileListPaths = (
				"${PODS_ROOT}/Target Support Files/Pods-time_is_life/Pods-time_is_life-resources-${CONFIGURATION}-output-files.xcfilelist",
			);
			runOnlyForDeploymentPostprocessing = 0;
			shellPath = /bin/sh;
			shellScript = "\"${PODS_ROOT}/Target Support Files/Pods-time_is_life/Pods-time_is_life-resources.sh\"\n";
			showEnvVarsInLog = 0;
		};
		83DAAF5F40D7AFB31A2C4A88 /* [CP] Check Pods Manifest.lock */ = {
			isa = PBXShellScriptBuildPhase;
			buildActionMask = 2147483647;
			files = (
			);
			inputFileListPaths = (
			);
			inputPaths = (
				"${PODS_PODFILE_DIR_PATH}/Podfile.lock",
				"${PODS_ROOT}/Manifest.lock",
			);
			name = "[CP] Check Pods Manifest.lock";
			outputFileListPaths = (
			);
			outputPaths = (
				"$(DERIVED_FILE_DIR)/Pods-time_is_life-time_is_lifeTests-checkManifestLockResult.txt",
			);
			runOnlyForDeploymentPostprocessing = 0;
			shellPath = /bin/sh;
			shellScript = "diff \"${PODS_PODFILE_DIR_PATH}/Podfile.lock\" \"${PODS_ROOT}/Manifest.lock\" > /dev/null\nif [ $? != 0 ] ; then\n    # print error to STDERR\n    echo \"error: The sandbox is not in sync with the Podfile.lock. Run 'pod install' or update your CocoaPods installation.\" >&2\n    exit 1\nfi\n# This output is used by Xcode 'outputs' to avoid re-running this script phase.\necho \"SUCCESS\" > \"${SCRIPT_OUTPUT_FILE_0}\"\n";
			showEnvVarsInLog = 0;
		};
		94F16EE8047C168C09E21EBD /* [CP] Copy Pods Resources */ = {
			isa = PBXShellScriptBuildPhase;
			buildActionMask = 2147483647;
			files = (
			);
			inputFileListPaths = (
				"${PODS_ROOT}/Target Support Files/Pods-time_is_life-time_is_lifeTests/Pods-time_is_life-time_is_lifeTests-resources-${CONFIGURATION}-input-files.xcfilelist",
			);
			name = "[CP] Copy Pods Resources";
			outputFileListPaths = (
				"${PODS_ROOT}/Target Support Files/Pods-time_is_life-time_is_lifeTests/Pods-time_is_life-time_is_lifeTests-resources-${CONFIGURATION}-output-files.xcfilelist",
			);
			runOnlyForDeploymentPostprocessing = 0;
			shellPath = /bin/sh;
			shellScript = "\"${PODS_ROOT}/Target Support Files/Pods-time_is_life-time_is_lifeTests/Pods-time_is_life-time_is_lifeTests-resources.sh\"\n";
			showEnvVarsInLog = 0;
		};
		CCA846E87042D31AE1054792 /* [CP] Embed Pods Frameworks */ = {
			isa = PBXShellScriptBuildPhase;
			buildActionMask = 2147483647;
			files = (
			);
			inputFileListPaths = (
				"${PODS_ROOT}/Target Support Files/Pods-time_is_life/Pods-time_is_life-frameworks-${CONFIGURATION}-input-files.xcfilelist",
			);
			name = "[CP] Embed Pods Frameworks";
			outputFileListPaths = (
				"${PODS_ROOT}/Target Support Files/Pods-time_is_life/Pods-time_is_life-frameworks-${CONFIGURATION}-output-files.xcfilelist",
			);
			runOnlyForDeploymentPostprocessing = 0;
			shellPath = /bin/sh;
			shellScript = "\"${PODS_ROOT}/Target Support Files/Pods-time_is_life/Pods-time_is_life-frameworks.sh\"\n";
			showEnvVarsInLog = 0;
		};
		CCEA2F7F0D0F8ADEDACE0E70 /* [CP] Embed Pods Frameworks */ = {
			isa = PBXShellScriptBuildPhase;
			buildActionMask = 2147483647;
			files = (
			);
			inputFileListPaths = (
				"${PODS_ROOT}/Target Support Files/Pods-time_is_life-time_is_lifeTests/Pods-time_is_life-time_is_lifeTests-frameworks-${CONFIGURATION}-input-files.xcfilelist",
			);
			name = "[CP] Embed Pods Frameworks";
			outputFileListPaths = (
				"${PODS_ROOT}/Target Support Files/Pods-time_is_life-time_is_lifeTests/Pods-time_is_life-time_is_lifeTests-frameworks-${CONFIGURATION}-output-files.xcfilelist",
			);
			runOnlyForDeploymentPostprocessing = 0;
			shellPath = /bin/sh;
			shellScript = "\"${PODS_ROOT}/Target Support Files/Pods-time_is_life-time_is_lifeTests/Pods-time_is_life-time_is_lifeTests-frameworks.sh\"\n";
			showEnvVarsInLog = 0;
		};
		FD10A7F022414F080027D42C /* Start Packager */ = {
			isa = PBXShellScriptBuildPhase;
			buildActionMask = 2147483647;
			files = (
			);
			inputFileListPaths = (
			);
			inputPaths = (
			);
			name = "Start Packager";
			outputFileListPaths = (
			);
			outputPaths = (
			);
			runOnlyForDeploymentPostprocessing = 0;
			shellPath = /bin/sh;
			shellScript = "export RCT_METRO_PORT=\"${RCT_METRO_PORT:=8081}\"\necho \"export RCT_METRO_PORT=${RCT_METRO_PORT}\" > \"${SRCROOT}/../node_modules/react-native/scripts/.packager.env\"\nif [ -z \"${RCT_NO_LAUNCH_PACKAGER+xxx}\" ] ; then\n  if nc -w 5 -z localhost ${RCT_METRO_PORT} ; then\n    if ! curl -s \"http://localhost:${RCT_METRO_PORT}/status\" | grep -q \"packager-status:running\" ; then\n      echo \"Port ${RCT_METRO_PORT} already in use, packager is either not running or not running correctly\"\n      exit 2\n    fi\n  else\n    open \"$SRCROOT/../node_modules/react-native/scripts/launchPackager.command\" || echo \"Can't start packager automatically\"\n  fi\nfi\n";
			showEnvVarsInLog = 0;
		};
/* End PBXShellScriptBuildPhase section */

/* Begin PBXSourcesBuildPhase section */
		00E356EA1AD99517003FC87E /* Sources */ = {
			isa = PBXSourcesBuildPhase;
			buildActionMask = 2147483647;
			files = (
				00E356F31AD99517003FC87E /* time_is_lifeTests.m in Sources */,
			);
			runOnlyForDeploymentPostprocessing = 0;
		};
		13B07F871A680F5B00A75B9A /* Sources */ = {
			isa = PBXSourcesBuildPhase;
			buildActionMask = 2147483647;
			files = (
				13B07FBC1A68108700A75B9A /* AppDelegate.m in Sources */,
				13B07FC11A68108700A75B9A /* main.m in Sources */,
			);
			runOnlyForDeploymentPostprocessing = 0;
		};
/* End PBXSourcesBuildPhase section */

/* Begin PBXTargetDependency section */
		00E356F51AD99517003FC87E /* PBXTargetDependency */ = {
			isa = PBXTargetDependency;
			target = 13B07F861A680F5B00A75B9A /* time_is_life */;
			targetProxy = 00E356F41AD99517003FC87E /* PBXContainerItemProxy */;
		};
/* End PBXTargetDependency section */

/* Begin XCBuildConfiguration section */
		00E356F61AD99517003FC87E /* Debug */ = {
			isa = XCBuildConfiguration;
			baseConfigurationReference = 0116177444C633D2D39217BB /* Pods-time_is_life-time_is_lifeTests.debug.xcconfig */;
			buildSettings = {
				BUNDLE_LOADER = "$(TEST_HOST)";
				GCC_PREPROCESSOR_DEFINITIONS = (
					"DEBUG=1",
					"$(inherited)",
				);
				INFOPLIST_FILE = time_is_lifeTests/Info.plist;
				IPHONEOS_DEPLOYMENT_TARGET = 11.0;
				LD_RUNPATH_SEARCH_PATHS = (
					"$(inherited)",
					"@executable_path/Frameworks",
					"@loader_path/Frameworks",
				);
				OTHER_LDFLAGS = (
					"-ObjC",
					"-lc++",
					"$(inherited)",
				);
				PRODUCT_BUNDLE_IDENTIFIER = "org.reactjs.native.example.$(PRODUCT_NAME:rfc1034identifier)";
				PRODUCT_NAME = "$(TARGET_NAME)";
				TEST_HOST = "$(BUILT_PRODUCTS_DIR)/time_is_life.app/time_is_life";
			};
			name = Debug;
		};
		00E356F71AD99517003FC87E /* Release */ = {
			isa = XCBuildConfiguration;
			baseConfigurationReference = 63D431863A03276653881CDD /* Pods-time_is_life-time_is_lifeTests.release.xcconfig */;
			buildSettings = {
				BUNDLE_LOADER = "$(TEST_HOST)";
				COPY_PHASE_STRIP = NO;
				INFOPLIST_FILE = time_is_lifeTests/Info.plist;
				IPHONEOS_DEPLOYMENT_TARGET = 11.0;
				LD_RUNPATH_SEARCH_PATHS = (
					"$(inherited)",
					"@executable_path/Frameworks",
					"@loader_path/Frameworks",
				);
				OTHER_LDFLAGS = (
					"-ObjC",
					"-lc++",
					"$(inherited)",
				);
				PRODUCT_BUNDLE_IDENTIFIER = "org.reactjs.native.example.$(PRODUCT_NAME:rfc1034identifier)";
				PRODUCT_NAME = "$(TARGET_NAME)";
				TEST_HOST = "$(BUILT_PRODUCTS_DIR)/time_is_life.app/time_is_life";
			};
			name = Release;
		};
		13B07F941A680F5B00A75B9A /* Debug */ = {
			isa = XCBuildConfiguration;
			baseConfigurationReference = 723584148B4B18289783D795 /* Pods-time_is_life.debug.xcconfig */;
			buildSettings = {
				ASSETCATALOG_COMPILER_APPICON_NAME = AppIcon;
				CLANG_ENABLE_MODULES = YES;
				CURRENT_PROJECT_VERSION = 1;
				ENABLE_BITCODE = NO;
				INFOPLIST_FILE = time_is_life/Info.plist;
				LD_RUNPATH_SEARCH_PATHS = (
					"$(inherited)",
					"@executable_path/Frameworks",
				);
				OTHER_LDFLAGS = (
					"$(inherited)",
					"-ObjC",
					"-lc++",
				);
				PRODUCT_BUNDLE_IDENTIFIER = "org.reactjs.native.example.$(PRODUCT_NAME:rfc1034identifier)";
				PRODUCT_NAME = time_is_life;
				SWIFT_OPTIMIZATION_LEVEL = "-Onone";
				SWIFT_VERSION = 5.0;
				VERSIONING_SYSTEM = "apple-generic";
			};
			name = Debug;
		};
		13B07F951A680F5B00A75B9A /* Release */ = {
			isa = XCBuildConfiguration;
			baseConfigurationReference = DC531E4CF43CDF2661F7A365 /* Pods-time_is_life.release.xcconfig */;
			buildSettings = {
				ASSETCATALOG_COMPILER_APPICON_NAME = AppIcon;
				CLANG_ENABLE_MODULES = YES;
				CURRENT_PROJECT_VERSION = 1;
				INFOPLIST_FILE = time_is_life/Info.plist;
				LD_RUNPATH_SEARCH_PATHS = (
					"$(inherited)",
					"@executable_path/Frameworks",
				);
				OTHER_LDFLAGS = (
					"$(inherited)",
					"-ObjC",
					"-lc++",
				);
				PRODUCT_BUNDLE_IDENTIFIER = "org.reactjs.native.example.$(PRODUCT_NAME:rfc1034identifier)";
				PRODUCT_NAME = time_is_life;
				SWIFT_VERSION = 5.0;
				VERSIONING_SYSTEM = "apple-generic";
			};
			name = Release;
		};
		83CBBA201A601CBA00E9B192 /* Debug */ = {
			isa = XCBuildConfiguration;
			buildSettings = {
				ALWAYS_SEARCH_USER_PATHS = NO;
				CLANG_ANALYZER_LOCALIZABILITY_NONLOCALIZED = YES;
				CLANG_CXX_LANGUAGE_STANDARD = "gnu++0x";
				CLANG_CXX_LIBRARY = "libc++";
				CLANG_ENABLE_MODULES = YES;
				CLANG_ENABLE_OBJC_ARC = YES;
				CLANG_WARN_BLOCK_CAPTURE_AUTORELEASING = YES;
				CLANG_WARN_BOOL_CONVERSION = YES;
				CLANG_WARN_COMMA = YES;
				CLANG_WARN_CONSTANT_CONVERSION = YES;
				CLANG_WARN_DEPRECATED_OBJC_IMPLEMENTATIONS = YES;
				CLANG_WARN_DIRECT_OBJC_ISA_USAGE = YES_ERROR;
				CLANG_WARN_EMPTY_BODY = YES;
				CLANG_WARN_ENUM_CONVERSION = YES;
				CLANG_WARN_INFINITE_RECURSION = YES;
				CLANG_WARN_INT_CONVERSION = YES;
				CLANG_WARN_NON_LITERAL_NULL_CONVERSION = YES;
				CLANG_WARN_OBJC_IMPLICIT_RETAIN_SELF = YES;
				CLANG_WARN_OBJC_LITERAL_CONVERSION = YES;
				CLANG_WARN_OBJC_ROOT_CLASS = YES_ERROR;
				CLANG_WARN_QUOTED_INCLUDE_IN_FRAMEWORK_HEADER = YES;
				CLANG_WARN_RANGE_LOOP_ANALYSIS = YES;
				CLANG_WARN_STRICT_PROTOTYPES = YES;
				CLANG_WARN_SUSPICIOUS_MOVE = YES;
				CLANG_WARN_UNREACHABLE_CODE = YES;
				CLANG_WARN__DUPLICATE_METHOD_MATCH = YES;
				"CODE_SIGN_IDENTITY[sdk=iphoneos*]" = "iPhone Developer";
				COPY_PHASE_STRIP = NO;
				ENABLE_STRICT_OBJC_MSGSEND = YES;
				ENABLE_TESTABILITY = YES;
				"EXCLUDED_ARCHS[sdk=iphonesimulator*]" = "";
				GCC_C_LANGUAGE_STANDARD = gnu99;
				GCC_DYNAMIC_NO_PIC = NO;
				GCC_NO_COMMON_BLOCKS = YES;
				GCC_OPTIMIZATION_LEVEL = 0;
				GCC_PREPROCESSOR_DEFINITIONS = (
					"DEBUG=1",
					"$(inherited)",
				);
				GCC_SYMBOLS_PRIVATE_EXTERN = NO;
				GCC_WARN_64_TO_32_BIT_CONVERSION = YES;
				GCC_WARN_ABOUT_RETURN_TYPE = YES_ERROR;
				GCC_WARN_UNDECLARED_SELECTOR = YES;
				GCC_WARN_UNINITIALIZED_AUTOS = YES_AGGRESSIVE;
				GCC_WARN_UNUSED_FUNCTION = YES;
				GCC_WARN_UNUSED_VARIABLE = YES;
				IPHONEOS_DEPLOYMENT_TARGET = 11.0;
				LD_RUNPATH_SEARCH_PATHS = (
					/usr/lib/swift,
					"$(inherited)",
				);
				LIBRARY_SEARCH_PATHS = (
					"\"$(SDKROOT)/usr/lib/swift\"",
					"\"$(TOOLCHAIN_DIR)/usr/lib/swift/$(PLATFORM_NAME)\"",
					"\"$(inherited)\"",
				);
				MTL_ENABLE_DEBUG_INFO = YES;
				ONLY_ACTIVE_ARCH = YES;
				SDKROOT = iphoneos;
			};
			name = Debug;
		};
		83CBBA211A601CBA00E9B192 /* Release */ = {
			isa = XCBuildConfiguration;
			buildSettings = {
				ALWAYS_SEARCH_USER_PATHS = NO;
				CLANG_ANALYZER_LOCALIZABILITY_NONLOCALIZED = YES;
				CLANG_CXX_LANGUAGE_STANDARD = "gnu++0x";
				CLANG_CXX_LIBRARY = "libc++";
				CLANG_ENABLE_MODULES = YES;
				CLANG_ENABLE_OBJC_ARC = YES;
				CLANG_WARN_BLOCK_CAPTURE_AUTORELEASING = YES;
				CLANG_WARN_BOOL_CONVERSION = YES;
				CLANG_WARN_COMMA = YES;
				CLANG_WARN_CONSTANT_CONVERSION = YES;
				CLANG_WARN_DEPRECATED_OBJC_IMPLEMENTATIONS = YES;
				CLANG_WARN_DIRECT_OBJC_ISA_USAGE = YES_ERROR;
				CLANG_WARN_EMPTY_BODY = YES;
				CLANG_WARN_ENUM_CONVERSION = YES;
				CLANG_WARN_INFINITE_RECURSION = YES;
				CLANG_WARN_INT_CONVERSION = YES;
				CLANG_WARN_NON_LITERAL_NULL_CONVERSION = YES;
				CLANG_WARN_OBJC_IMPLICIT_RETAIN_SELF = YES;
				CLANG_WARN_OBJC_LITERAL_CONVERSION = YES;
				CLANG_WARN_OBJC_ROOT_CLASS = YES_ERROR;
				CLANG_WARN_QUOTED_INCLUDE_IN_FRAMEWORK_HEADER = YES;
				CLANG_WARN_RANGE_LOOP_ANALYSIS = YES;
				CLANG_WARN_STRICT_PROTOTYPES = YES;
				CLANG_WARN_SUSPICIOUS_MOVE = YES;
				CLANG_WARN_UNREACHABLE_CODE = YES;
				CLANG_WARN__DUPLICATE_METHOD_MATCH = YES;
				"CODE_SIGN_IDENTITY[sdk=iphoneos*]" = "iPhone Developer";
				COPY_PHASE_STRIP = YES;
				ENABLE_NS_ASSERTIONS = NO;
				ENABLE_STRICT_OBJC_MSGSEND = YES;
				"EXCLUDED_ARCHS[sdk=iphonesimulator*]" = "";
				GCC_C_LANGUAGE_STANDARD = gnu99;
				GCC_NO_COMMON_BLOCKS = YES;
				GCC_WARN_64_TO_32_BIT_CONVERSION = YES;
				GCC_WARN_ABOUT_RETURN_TYPE = YES_ERROR;
				GCC_WARN_UNDECLARED_SELECTOR = YES;
				GCC_WARN_UNINITIALIZED_AUTOS = YES_AGGRESSIVE;
				GCC_WARN_UNUSED_FUNCTION = YES;
				GCC_WARN_UNUSED_VARIABLE = YES;
				IPHONEOS_DEPLOYMENT_TARGET = 11.0;
				LD_RUNPATH_SEARCH_PATHS = (
					/usr/lib/swift,
					"$(inherited)",
				);
				LIBRARY_SEARCH_PATHS = (
					"\"$(SDKROOT)/usr/lib/swift\"",
					"\"$(TOOLCHAIN_DIR)/usr/lib/swift/$(PLATFORM_NAME)\"",
					"\"$(inherited)\"",
				);
				MTL_ENABLE_DEBUG_INFO = NO;
				SDKROOT = iphoneos;
				VALIDATE_PRODUCT = YES;
			};
			name = Release;
		};
/* End XCBuildConfiguration section */

/* Begin XCConfigurationList section */
		00E357021AD99517003FC87E /* Build configuration list for PBXNativeTarget "time_is_lifeTests" */ = {
			isa = XCConfigurationList;
			buildConfigurations = (
				00E356F61AD99517003FC87E /* Debug */,
				00E356F71AD99517003FC87E /* Release */,
			);
			defaultConfigurationIsVisible = 0;
			defaultConfigurationName = Release;
		};
		13B07F931A680F5B00A75B9A /* Build configuration list for PBXNativeTarget "time_is_life" */ = {
			isa = XCConfigurationList;
			buildConfigurations = (
				13B07F941A680F5B00A75B9A /* Debug */,
				13B07F951A680F5B00A75B9A /* Release */,
			);
			defaultConfigurationIsVisible = 0;
			defaultConfigurationName = Release;
		};
		83CBB9FA1A601CBA00E9B192 /* Build configuration list for PBXProject "time_is_life" */ = {
			isa = XCConfigurationList;
			buildConfigurations = (
				83CBBA201A601CBA00E9B192 /* Debug */,
				83CBBA211A601CBA00E9B192 /* Release */,
			);
			defaultConfigurationIsVisible = 0;
			defaultConfigurationName = Release;
		};
/* End XCConfigurationList section */
	};
	rootObject = 83CBB9F71A601CBA00E9B192 /* Project object */;
}
